
Microsoft Visual Studio Solution File, Format Version 12.00
# Visual Studio Version 17
VisualStudioVersion = 17.14.36908.2 d17.14
MinimumVisualStudioVersion = 10.0.40219.1
Project("{8BC9CEB8-8B4A-11D0-8D11-00A0C91BC942}") = "3LayersPersistence", "3LayersPersistence\3LayersPersistence.vcxproj", "{CA309FC7-1D89-487A-9857-BE8EF65AE177}"
EndProject
Global
	GlobalSection(SolutionConfigurationPlatforms) = preSolution
		Debug|x64 = Debug|x64
		Debug|x86 = Debug|x86
		Release|x64 = Release|x64
		Release|x86 = Release|x86
		Stripped|x64 = Stripped|x64
		Stripped|x86 = Stripped|x86
	EndGlobalSection
	GlobalSection(ProjectConfigurationPlatforms) = postSolution
		{CA309FC7-1D89-487A-9857-BE8EF65AE177}.Debug|x64.ActiveCfg = Debug|x64
		{CA309FC7-1D89-487A-9857-BE8EF65AE177}.Debug|x64.Build.0 = Debug|x64
		{CA309FC7-1D89-487A-9857-BE8EF65AE177}.Debug|x86.ActiveCfg = Debug|Win32
		{CA309FC7-1D89-487A-9857-BE8EF65AE177}.Debug|x86.Build.0 = Debug|Win32
		{CA309FC7-1D89-487A-9857-BE8EF65AE177}.Release|x64.ActiveCfg = Release|x64
		{CA309FC7-1D89-487A-9857-BE8EF65AE177}.Release|x64.Build.0 = Release|x64
		{CA309FC7-1D89-487A-9857-BE8EF65AE177}.Release|x86.ActiveCfg = Release|Win32
		{CA309FC7-1D89-487A-9857-BE8EF65AE177}.Release|x86.Build.0 = Release|Win32
		{CA309FC7-1D89-487A-9857-BE8EF65AE177}.Stripped|x64.ActiveCfg = Stripped|x64
		{CA309FC7-1D89-487A-9857-BE8EF65AE177}.Stripped|x64.Build.0 = Stripped|x64
		{CA309FC7-1D89-487A-9857-BE8EF65AE177}.Stripped|x86.ActiveCfg = Stripped|Win32
		{CA309FC7-1D89-487A-9857-BE8EF65AE177}.Stripped|x86.Build.0 = Stripped|Win32
	EndGlobalSection
	GlobalSection(SolutionProperties) = preSolution
		HideSolutionNode = FALSE
	EndGlobalSection
	GlobalSection(ExtensibilityGlobals) = postSolution
		SolutionGuid = {980CB615-CE81-406B-86CE-1FA24352AC65}
	EndGlobalSection
EndGlobal
